// !$*UTF8*$!
{
	archiveVersion = 1;
	classes = {
	};
	objectVersion = 46;
	objects = {

/* Begin PBXBuildFile section */
		EA02EE9F1BF04376008FFFB8 /* AppDelegate.swift in Sources */ = {isa = PBXBuildFile; fileRef = EA02EE9E1BF04376008FFFB8 /* AppDelegate.swift */; };
		EA02EEA11BF04376008FFFB8 /* ViewController.swift in Sources */ = {isa = PBXBuildFile; fileRef = EA02EEA01BF04376008FFFB8 /* ViewController.swift */; };
		EA02EEA41BF04376008FFFB8 /* Main.storyboard in Resources */ = {isa = PBXBuildFile; fileRef = EA02EEA21BF04376008FFFB8 /* Main.storyboard */; };
		EA02EEA61BF04376008FFFB8 /* Assets.xcassets in Resources */ = {isa = PBXBuildFile; fileRef = EA02EEA51BF04376008FFFB8 /* Assets.xcassets */; };
		EA02EEA91BF04376008FFFB8 /* LaunchScreen.storyboard in Resources */ = {isa = PBXBuildFile; fileRef = EA02EEA71BF04376008FFFB8 /* LaunchScreen.storyboard */; };
		EA02EEB41BF04376008FFFB8 /* emr_prototype_v1Tests.swift in Sources */ = {isa = PBXBuildFile; fileRef = EA02EEB31BF04376008FFFB8 /* emr_prototype_v1Tests.swift */; };
		EA02EEBF1BF04376008FFFB8 /* emr_prototype_v1UITests.swift in Sources */ = {isa = PBXBuildFile; fileRef = EA02EEBE1BF04376008FFFB8 /* emr_prototype_v1UITests.swift */; };
/* End PBXBuildFile section */

/* Begin PBXContainerItemProxy section */
		EA02EEB01BF04376008FFFB8 /* PBXContainerItemProxy */ = {
			isa = PBXContainerItemProxy;
			containerPortal = EA02EE931BF04376008FFFB8 /* Project object */;
			proxyType = 1;
			remoteGlobalIDString = EA02EE9A1BF04376008FFFB8;
			remoteInfo = "emr-prototype-v1";
		};
		EA02EEBB1BF04376008FFFB8 /* PBXContainerItemProxy */ = {
			isa = PBXContainerItemProxy;
			containerPortal = EA02EE931BF04376008FFFB8 /* Project object */;
			proxyType = 1;
			remoteGlobalIDString = EA02EE9A1BF04376008FFFB8;
			remoteInfo = "emr-prototype-v1";
		};
/* End PBXContainerItemProxy section */

/* Begin PBXFileReference section */
		EA02EE9B1BF04376008FFFB8 /* emr-prototype-v1.app */ = {isa = PBXFileReference; explicitFileType = wrapper.application; includeInIndex = 0; path = "emr-prototype-v1.app"; sourceTree = BUILT_PRODUCTS_DIR; };
		EA02EE9E1BF04376008FFFB8 /* AppDelegate.swift */ = {isa = PBXFileReference; lastKnownFileType = sourcecode.swift; path = AppDelegate.swift; sourceTree = "<group>"; };
		EA02EEA01BF04376008FFFB8 /* ViewController.swift */ = {isa = PBXFileReference; lastKnownFileType = sourcecode.swift; path = ViewController.swift; sourceTree = "<group>"; };
		EA02EEA31BF04376008FFFB8 /* Base */ = {isa = PBXFileReference; lastKnownFileType = file.storyboard; name = Base; path = Base.lproj/Main.storyboard; sourceTree = "<group>"; };
		EA02EEA51BF04376008FFFB8 /* Assets.xcassets */ = {isa = PBXFileReference; lastKnownFileType = folder.assetcatalog; path = Assets.xcassets; sourceTree = "<group>"; };
		EA02EEA81BF04376008FFFB8 /* Base */ = {isa = PBXFileReference; lastKnownFileType = file.storyboard; name = Base; path = Base.lproj/LaunchScreen.storyboard; sourceTree = "<group>"; };
		EA02EEAA1BF04376008FFFB8 /* Info.plist */ = {isa = PBXFileReference; lastKnownFileType = text.plist.xml; path = Info.plist; sourceTree = "<group>"; };
		EA02EEAF1BF04376008FFFB8 /* emr-prototype-v1Tests.xctest */ = {isa = PBXFileReference; explicitFileType = wrapper.cfbundle; includeInIndex = 0; path = "emr-prototype-v1Tests.xctest"; sourceTree = BUILT_PRODUCTS_DIR; };
		EA02EEB31BF04376008FFFB8 /* emr_prototype_v1Tests.swift */ = {isa = PBXFileReference; lastKnownFileType = sourcecode.swift; path = emr_prototype_v1Tests.swift; sourceTree = "<group>"; };
		EA02EEB51BF04376008FFFB8 /* Info.plist */ = {isa = PBXFileReference; lastKnownFileType = text.plist.xml; path = Info.plist; sourceTree = "<group>"; };
		EA02EEBA1BF04376008FFFB8 /* emr-prototype-v1UITests.xctest */ = {isa = PBXFileReference; explicitFileType = wrapper.cfbundle; includeInIndex = 0; path = "emr-prototype-v1UITests.xctest"; sourceTree = BUILT_PRODUCTS_DIR; };
		EA02EEBE1BF04376008FFFB8 /* emr_prototype_v1UITests.swift */ = {isa = PBXFileReference; lastKnownFileType = sourcecode.swift; path = emr_prototype_v1UITests.swift; sourceTree = "<group>"; };
		EA02EEC01BF04376008FFFB8 /* Info.plist */ = {isa = PBXFileReference; lastKnownFileType = text.plist.xml; path = Info.plist; sourceTree = "<group>"; };
/* End PBXFileReference section */

/* Begin PBXFrameworksBuildPhase section */
		EA02EE981BF04376008FFFB8 /* Frameworks */ = {
			isa = PBXFrameworksBuildPhase;
			buildActionMask = 2147483647;
			files = (
			);
			runOnlyForDeploymentPostprocessing = 0;
		};
		EA02EEAC1BF04376008FFFB8 /* Frameworks */ = {
			isa = PBXFrameworksBuildPhase;
			buildActionMask = 2147483647;
			files = (
			);
			runOnlyForDeploymentPostprocessing = 0;
		};
		EA02EEB71BF04376008FFFB8 /* Frameworks */ = {
			isa = PBXFrameworksBuildPhase;
			buildActionMask = 2147483647;
			files = (
			);
			runOnlyForDeploymentPostprocessing = 0;
		};
/* End PBXFrameworksBuildPhase section */

/* Begin PBXGroup section */
		EA02EE921BF04376008FFFB8 = {
			isa = PBXGroup;
			children = (
				EA02EE9D1BF04376008FFFB8 /* emr-prototype-v1 */,
				EA02EEB21BF04376008FFFB8 /* emr-prototype-v1Tests */,
				EA02EEBD1BF04376008FFFB8 /* emr-prototype-v1UITests */,
				EA02EE9C1BF04376008FFFB8 /* Products */,
			);
			sourceTree = "<group>";
		};
		EA02EE9C1BF04376008FFFB8 /* Products */ = {
			isa = PBXGroup;
			children = (
				EA02EE9B1BF04376008FFFB8 /* emr-prototype-v1.app */,
				EA02EEAF1BF04376008FFFB8 /* emr-prototype-v1Tests.xctest */,
				EA02EEBA1BF04376008FFFB8 /* emr-prototype-v1UITests.xctest */,
			);
			name = Products;
			sourceTree = "<group>";
		};
		EA02EE9D1BF04376008FFFB8 /* emr-prototype-v1 */ = {
			isa = PBXGroup;
			children = (
				EA02EE9E1BF04376008FFFB8 /* AppDelegate.swift */,
				EA02EEA01BF04376008FFFB8 /* ViewController.swift */,
				EA02EEA21BF04376008FFFB8 /* Main.storyboard */,
				EA02EEA51BF04376008FFFB8 /* Assets.xcassets */,
				EA02EEA71BF04376008FFFB8 /* LaunchScreen.storyboard */,
				EA02EEAA1BF04376008FFFB8 /* Info.plist */,
			);
			path = "emr-prototype-v1";
			sourceTree = "<group>";
		};
		EA02EEB21BF04376008FFFB8 /* emr-prototype-v1Tests */ = {
			isa = PBXGroup;
			children = (
				EA02EEB31BF04376008FFFB8 /* emr_prototype_v1Tests.swift */,
				EA02EEB51BF04376008FFFB8 /* Info.plist */,
			);
			path = "emr-prototype-v1Tests";
			sourceTree = "<group>";
		};
		EA02EEBD1BF04376008FFFB8 /* emr-prototype-v1UITests */ = {
			isa = PBXGroup;
			children = (
				EA02EEBE1BF04376008FFFB8 /* emr_prototype_v1UITests.swift */,
				EA02EEC01BF04376008FFFB8 /* Info.plist */,
			);
			path = "emr-prototype-v1UITests";
			sourceTree = "<group>";
		};
/* End PBXGroup section */

/* Begin PBXNativeTarget section */
		EA02EE9A1BF04376008FFFB8 /* emr-prototype-v1 */ = {
			isa = PBXNativeTarget;
			buildConfigurationList = EA02EEC31BF04376008FFFB8 /* Build configuration list for PBXNativeTarget "emr-prototype-v1" */;
			buildPhases = (
				EA02EE971BF04376008FFFB8 /* Sources */,
				EA02EE981BF04376008FFFB8 /* Frameworks */,
				EA02EE991BF04376008FFFB8 /* Resources */,
			);
			buildRules = (
			);
			dependencies = (
			);
			name = "emr-prototype-v1";
			productName = "emr-prototype-v1";
			productReference = EA02EE9B1BF04376008FFFB8 /* emr-prototype-v1.app */;
			productType = "com.apple.product-type.application";
		};
		EA02EEAE1BF04376008FFFB8 /* emr-prototype-v1Tests */ = {
			isa = PBXNativeTarget;
			buildConfigurationList = EA02EEC61BF04376008FFFB8 /* Build configuration list for PBXNativeTarget "emr-prototype-v1Tests" */;
			buildPhases = (
				EA02EEAB1BF04376008FFFB8 /* Sources */,
				EA02EEAC1BF04376008FFFB8 /* Frameworks */,
				EA02EEAD1BF04376008FFFB8 /* Resources */,
			);
			buildRules = (
			);
			dependencies = (
				EA02EEB11BF04376008FFFB8 /* PBXTargetDependency */,
			);
			name = "emr-prototype-v1Tests";
			productName = "emr-prototype-v1Tests";
			productReference = EA02EEAF1BF04376008FFFB8 /* emr-prototype-v1Tests.xctest */;
			productType = "com.apple.product-type.bundle.unit-test";
		};
		EA02EEB91BF04376008FFFB8 /* emr-prototype-v1UITests */ = {
			isa = PBXNativeTarget;
			buildConfigurationList = EA02EEC91BF04376008FFFB8 /* Build configuration list for PBXNativeTarget "emr-prototype-v1UITests" */;
			buildPhases = (
				EA02EEB61BF04376008FFFB8 /* Sources */,
				EA02EEB71BF04376008FFFB8 /* Frameworks */,
				EA02EEB81BF04376008FFFB8 /* Resources */,
			);
			buildRules = (
			);
			dependencies = (
				EA02EEBC1BF04376008FFFB8 /* PBXTargetDependency */,
			);
			name = "emr-prototype-v1UITests";
			productName = "emr-prototype-v1UITests";
			productReference = EA02EEBA1BF04376008FFFB8 /* emr-prototype-v1UITests.xctest */;
			productType = "com.apple.product-type.bundle.ui-testing";
		};
/* End PBXNativeTarget section */

/* Begin PBXProject section */
		EA02EE931BF04376008FFFB8 /* Project object */ = {
			isa = PBXProject;
			attributes = {
				LastSwiftUpdateCheck = 0710;
				LastUpgradeCheck = 0710;
				ORGANIZATIONNAME = "Gayle Ocampo";
				TargetAttributes = {
					EA02EE9A1BF04376008FFFB8 = {
						CreatedOnToolsVersion = 7.1;
						DevelopmentTeam = Y3EMNF583W;
					};
					EA02EEAE1BF04376008FFFB8 = {
						CreatedOnToolsVersion = 7.1;
						DevelopmentTeam = Y3EMNF583W;
						TestTargetID = EA02EE9A1BF04376008FFFB8;
					};
					EA02EEB91BF04376008FFFB8 = {
						CreatedOnToolsVersion = 7.1;
						DevelopmentTeam = Y3EMNF583W;
						TestTargetID = EA02EE9A1BF04376008FFFB8;
					};
				};
			};
			buildConfigurationList = EA02EE961BF04376008FFFB8 /* Build configuration list for PBXProject "emr-prototype-v1" */;
			compatibilityVersion = "Xcode 3.2";
			developmentRegion = English;
			hasScannedForEncodings = 0;
			knownRegions = (
				en,
				Base,
			);
			mainGroup = EA02EE921BF04376008FFFB8;
			productRefGroup = EA02EE9C1BF04376008FFFB8 /* Products */;
			projectDirPath = "";
			projectRoot = "";
			targets = (
				EA02EE9A1BF04376008FFFB8 /* emr-prototype-v1 */,
				EA02EEAE1BF04376008FFFB8 /* emr-prototype-v1Tests */,
				EA02EEB91BF04376008FFFB8 /* emr-prototype-v1UITests */,
			);
		};
/* End PBXProject section */

/* Begin PBXResourcesBuildPhase section */
		EA02EE991BF04376008FFFB8 /* Resources */ = {
			isa = PBXResourcesBuildPhase;
			buildActionMask = 2147483647;
			files = (
				EA02EEA91BF04376008FFFB8 /* LaunchScreen.storyboard in Resources */,
				EA02EEA61BF04376008FFFB8 /* Assets.xcassets in Resources */,
				EA02EEA41BF04376008FFFB8 /* Main.storyboard in Resources */,
			);
			runOnlyForDeploymentPostprocessing = 0;
		};
		EA02EEAD1BF04376008FFFB8 /* Resources */ = {
			isa = PBXResourcesBuildPhase;
			buildActionMask = 2147483647;
			files = (
			);
			runOnlyForDeploymentPostprocessing = 0;
		};
		EA02EEB81BF04376008FFFB8 /* Resources */ = {
			isa = PBXResourcesBuildPhase;
			buildActionMask = 2147483647;
			files = (
			);
			runOnlyForDeploymentPostprocessing = 0;
		};
/* End PBXResourcesBuildPhase section */

/* Begin PBXSourcesBuildPhase section */
		EA02EE971BF04376008FFFB8 /* Sources */ = {
			isa = PBXSourcesBuildPhase;
			buildActionMask = 2147483647;
			files = (
				EA02EEA11BF04376008FFFB8 /* ViewController.swift in Sources */,
				EA02EE9F1BF04376008FFFB8 /* AppDelegate.swift in Sources */,
			);
			runOnlyForDeploymentPostprocessing = 0;
		};
		EA02EEAB1BF04376008FFFB8 /* Sources */ = {
			isa = PBXSourcesBuildPhase;
			buildActionMask = 2147483647;
			files = (
				EA02EEB41BF04376008FFFB8 /* emr_prototype_v1Tests.swift in Sources */,
			);
			runOnlyForDeploymentPostprocessing = 0;
		};
		EA02EEB61BF04376008FFFB8 /* Sources */ = {
			isa = PBXSourcesBuildPhase;
			buildActionMask = 2147483647;
			files = (
				EA02EEBF1BF04376008FFFB8 /* emr_prototype_v1UITests.swift in Sources */,
			);
			runOnlyForDeploymentPostprocessing = 0;
		};
/* End PBXSourcesBuildPhase section */

/* Begin PBXTargetDependency section */
		EA02EEB11BF04376008FFFB8 /* PBXTargetDependency */ = {
			isa = PBXTargetDependency;
			target = EA02EE9A1BF04376008FFFB8 /* emr-prototype-v1 */;
			targetProxy = EA02EEB01BF04376008FFFB8 /* PBXContainerItemProxy */;
		};
		EA02EEBC1BF04376008FFFB8 /* PBXTargetDependency */ = {
			isa = PBXTargetDependency;
			target = EA02EE9A1BF04376008FFFB8 /* emr-prototype-v1 */;
			targetProxy = EA02EEBB1BF04376008FFFB8 /* PBXContainerItemProxy */;
		};
/* End PBXTargetDependency section */

/* Begin PBXVariantGroup section */
		EA02EEA21BF04376008FFFB8 /* Main.storyboard */ = {
			isa = PBXVariantGroup;
			children = (
				EA02EEA31BF04376008FFFB8 /* Base */,
			);
			name = Main.storyboard;
			sourceTree = "<group>";
		};
		EA02EEA71BF04376008FFFB8 /* LaunchScreen.storyboard */ = {
			isa = PBXVariantGroup;
			children = (
				EA02EEA81BF04376008FFFB8 /* Base */,
			);
			name = LaunchScreen.storyboard;
			sourceTree = "<group>";
		};
/* End PBXVariantGroup section */

/* Begin XCBuildConfiguration section */
		EA02EEC11BF04376008FFFB8 /* Debug */ = {
			isa = XCBuildConfiguration;
			buildSettings = {
				ALWAYS_SEARCH_USER_PATHS = NO;
				CLANG_CXX_LANGUAGE_STANDARD = "gnu++0x";
				CLANG_CXX_LIBRARY = "libc++";
				CLANG_ENABLE_MODULES = YES;
				CLANG_ENABLE_OBJC_ARC = YES;
				CLANG_WARN_BOOL_CONVERSION = YES;
				CLANG_WARN_CONSTANT_CONVERSION = YES;
				CLANG_WARN_DIRECT_OBJC_ISA_USAGE = YES_ERROR;
				CLANG_WARN_EMPTY_BODY = YES;
				CLANG_WARN_ENUM_CONVERSION = YES;
				CLANG_WARN_INT_CONVERSION = YES;
				CLANG_WARN_OBJC_ROOT_CLASS = YES_ERROR;
				CLANG_WARN_UNREACHABLE_CODE = YES;
				CLANG_WARN__DUPLICATE_METHOD_MATCH = YES;
				"CODE_SIGN_IDENTITY[sdk=iphoneos*]" = "iPhone Developer";
				COPY_PHASE_STRIP = NO;
				DEBUG_INFORMATION_FORMAT = dwarf;
				ENABLE_STRICT_OBJC_MSGSEND = YES;
				ENABLE_TESTABILITY = YES;
				GCC_C_LANGUAGE_STANDARD = gnu99;
				GCC_DYNAMIC_NO_PIC = NO;
				GCC_NO_COMMON_BLOCKS = YES;
				GCC_OPTIMIZATION_LEVEL = 0;
				GCC_PREPROCESSOR_DEFINITIONS = (
					"DEBUG=1",
					"$(inherited)",
				);
				GCC_WARN_64_TO_32_BIT_CONVERSION = YES;
				GCC_WARN_ABOUT_RETURN_TYPE = YES_ERROR;
				GCC_WARN_UNDECLARED_SELECTOR = YES;
				GCC_WARN_UNINITIALIZED_AUTOS = YES_AGGRESSIVE;
				GCC_WARN_UNUSED_FUNCTION = YES;
				GCC_WARN_UNUSED_VARIABLE = YES;
				IPHONEOS_DEPLOYMENT_TARGET = 9.1;
				MTL_ENABLE_DEBUG_INFO = YES;
				ONLY_ACTIVE_ARCH = YES;
				SDKROOT = iphoneos;
				SWIFT_OPTIMIZATION_LEVEL = "-Onone";
				TARGETED_DEVICE_FAMILY = "1,2";
			};
			name = Debug;
		};
		EA02EEC21BF04376008FFFB8 /* Release */ = {
			isa = XCBuildConfiguration;
			buildSettings = {
				ALWAYS_SEARCH_USER_PATHS = NO;
				CLANG_CXX_LANGUAGE_STANDARD = "gnu++0x";
				CLANG_CXX_LIBRARY = "libc++";
				CLANG_ENABLE_MODULES = YES;
				CLANG_ENABLE_OBJC_ARC = YES;
				CLANG_WARN_BOOL_CONVERSION = YES;
				CLANG_WARN_CONSTANT_CONVERSION = YES;
				CLANG_WARN_DIRECT_OBJC_ISA_USAGE = YES_ERROR;
				CLANG_WARN_EMPTY_BODY = YES;
				CLANG_WARN_ENUM_CONVERSION = YES;
				CLANG_WARN_INT_CONVERSION = YES;
				CLANG_WARN_OBJC_ROOT_CLASS = YES_ERROR;
				CLANG_WARN_UNREACHABLE_CODE = YES;
				CLANG_WARN__DUPLICATE_METHOD_MATCH = YES;
				"CODE_SIGN_IDENTITY[sdk=iphoneos*]" = "iPhone Developer";
				COPY_PHASE_STRIP = NO;
				DEBUG_INFORMATION_FORMAT = "dwarf-with-dsym";
				ENABLE_NS_ASSERTIONS = NO;
				ENABLE_STRICT_OBJC_MSGSEND = YES;
				GCC_C_LANGUAGE_STANDARD = gnu99;
				GCC_NO_COMMON_BLOCKS = YES;
				GCC_WARN_64_TO_32_BIT_CONVERSION = YES;
				GCC_WARN_ABOUT_RETURN_TYPE = YES_ERROR;
				GCC_WARN_UNDECLARED_SELECTOR = YES;
				GCC_WARN_UNINITIALIZED_AUTOS = YES_AGGRESSIVE;
				GCC_WARN_UNUSED_FUNCTION = YES;
				GCC_WARN_UNUSED_VARIABLE = YES;
				IPHONEOS_DEPLOYMENT_TARGET = 9.1;
				MTL_ENABLE_DEBUG_INFO = NO;
				SDKROOT = iphoneos;
				TARGETED_DEVICE_FAMILY = "1,2";
				VALIDATE_PRODUCT = YES;
			};
			name = Release;
		};
		EA02EEC41BF04376008FFFB8 /* Debug */ = {
			isa = XCBuildConfiguration;
			buildSettings = {
				ASSETCATALOG_COMPILER_APPICON_NAME = AppIcon;
				INFOPLIST_FILE = "emr-prototype-v1/Info.plist";
				LD_RUNPATH_SEARCH_PATHS = "$(inherited) @executable_path/Frameworks";
				PRODUCT_BUNDLE_IDENTIFIER = "Butler.emr-prototype-v1";
				PRODUCT_NAME = "$(TARGET_NAME)";
			};
			name = Debug;
		};
		EA02EEC51BF04376008FFFB8 /* Release */ = {
			isa = XCBuildConfiguration;
			buildSettings = {
				ASSETCATALOG_COMPILER_APPICON_NAME = AppIcon;
				INFOPLIST_FILE = "emr-prototype-v1/Info.plist";
				LD_RUNPATH_SEARCH_PATHS = "$(inherited) @executable_path/Frameworks";
				PRODUCT_BUNDLE_IDENTIFIER = "Butler.emr-prototype-v1";
				PRODUCT_NAME = "$(TARGET_NAME)";
			};
			name = Release;
		};
		EA02EEC71BF04376008FFFB8 /* Debug */ = {
			isa = XCBuildConfiguration;
			buildSettings = {
				BUNDLE_LOADER = "$(TEST_HOST)";
				INFOPLIST_FILE = "emr-prototype-v1Tests/Info.plist";
				LD_RUNPATH_SEARCH_PATHS = "$(inherited) @executable_path/Frameworks @loader_path/Frameworks";
				PRODUCT_BUNDLE_IDENTIFIER = "Butler.emr-prototype-v1Tests";
				PRODUCT_NAME = "$(TARGET_NAME)";
				TEST_HOST = "$(BUILT_PRODUCTS_DIR)/emr-prototype-v1.app/emr-prototype-v1";
			};
			name = Debug;
		};
		EA02EEC81BF04376008FFFB8 /* Release */ = {
			isa = XCBuildConfiguration;
			buildSettings = {
				BUNDLE_LOADER = "$(TEST_HOST)";
				INFOPLIST_FILE = "emr-prototype-v1Tests/Info.plist";
				LD_RUNPATH_SEARCH_PATHS = "$(inherited) @executable_path/Frameworks @loader_path/Frameworks";
				PRODUCT_BUNDLE_IDENTIFIER = "Butler.emr-prototype-v1Tests";
				PRODUCT_NAME = "$(TARGET_NAME)";
				TEST_HOST = "$(BUILT_PRODUCTS_DIR)/emr-prototype-v1.app/emr-prototype-v1";
			};
			name = Release;
		};
		EA02EECA1BF04376008FFFB8 /* Debug */ = {
			isa = XCBuildConfiguration;
			buildSettings = {
				INFOPLIST_FILE = "emr-prototype-v1UITests/Info.plist";
				LD_RUNPATH_SEARCH_PATHS = "$(inherited) @executable_path/Frameworks @loader_path/Frameworks";
				PRODUCT_BUNDLE_IDENTIFIER = "Butler.emr-prototype-v1UITests";
				PRODUCT_NAME = "$(TARGET_NAME)";
				TEST_TARGET_NAME = "emr-prototype-v1";
				USES_XCTRUNNER = YES;
			};
			name = Debug;
		};
		EA02EECB1BF04376008FFFB8 /* Release */ = {
			isa = XCBuildConfiguration;
			buildSettings = {
				INFOPLIST_FILE = "emr-prototype-v1UITests/Info.plist";
				LD_RUNPATH_SEARCH_PATHS = "$(inherited) @executable_path/Frameworks @loader_path/Frameworks";
				PRODUCT_BUNDLE_IDENTIFIER = "Butler.emr-prototype-v1UITests";
				PRODUCT_NAME = "$(TARGET_NAME)";
				TEST_TARGET_NAME = "emr-prototype-v1";
				USES_XCTRUNNER = YES;
			};
			name = Release;
		};
/* End XCBuildConfiguration section */

/* Begin XCConfigurationList section */
		EA02EE961BF04376008FFFB8 /* Build configuration list for PBXProject "emr-prototype-v1" */ = {
			isa = XCConfigurationList;
			buildConfigurations = (
				EA02EEC11BF04376008FFFB8 /* Debug */,
				EA02EEC21BF04376008FFFB8 /* Release */,
			);
			defaultConfigurationIsVisible = 0;
			defaultConfigurationName = Release;
		};
		EA02EEC31BF04376008FFFB8 /* Build configuration list for PBXNativeTarget "emr-prototype-v1" */ = {
			isa = XCConfigurationList;
			buildConfigurations = (
				EA02EEC41BF04376008FFFB8 /* Debug */,
				EA02EEC51BF04376008FFFB8 /* Release */,
			);
			defaultConfigurationIsVisible = 0;
		};
		EA02EEC61BF04376008FFFB8 /* Build configuration list for PBXNativeTarget "emr-prototype-v1Tests" */ = {
			isa = XCConfigurationList;
			buildConfigurations = (
				EA02EEC71BF04376008FFFB8 /* Debug */,
				EA02EEC81BF04376008FFFB8 /* Release */,
			);
			defaultConfigurationIsVisible = 0;
		};
		EA02EEC91BF04376008FFFB8 /* Build configuration list for PBXNativeTarget "emr-prototype-v1UITests" */ = {
			isa = XCConfigurationList;
			buildConfigurations = (
				EA02EECA1BF04376008FFFB8 /* Debug */,
				EA02EECB1BF04376008FFFB8 /* Release */,
			);
			defaultConfigurationIsVisible = 0;
		};
/* End XCConfigurationList section */
	};
	rootObject = EA02EE931BF04376008FFFB8 /* Project object */;
}
